Microsoft Visual Studio Solution File, Format Version 12.00
# Visual Studio 14
Project("{8BC9CEB8-8B4A-11D0-8D11-00A0C91BC942}") = "ALL_BUILD", "ALL_BUILD.vcxproj", "{C6824997-0873-348C-8476-7F2A3DE8D3E2}"
	ProjectSection(ProjectDependencies) = postProject
		{57820828-30CE-3A09-AB99-5D8FB2560120} = {57820828-30CE-3A09-AB99-5D8FB2560120}
		{E6E1FE43-16B1-388E-931C-8F29651052AB} = {E6E1FE43-16B1-388E-931C-8F29651052AB}
		{AB09A922-E1E9-3A25-BFF4-D74FAA3CC27E} = {AB09A922-E1E9-3A25-BFF4-D74FAA3CC27E}
		{AF3D3201-638C-38B8-8144-A5E02E1F7F3D} = {AF3D3201-638C-38B8-8144-A5E02E1F7F3D}
		{F57643A9-B49B-30CA-9A18-587228682C42} = {F57643A9-B49B-30CA-9A18-587228682C42}
		{4BE3DB72-810E-3E33-97CD-7B47F212B7AB} = {4BE3DB72-810E-3E33-97CD-7B47F212B7AB}
		{2E16D61B-69ED-3A53-B4FD-81EB72F140B2} = {2E16D61B-69ED-3A53-B4FD-81EB72F140B2}
		{7C3C2194-4349-3088-9F94-44E552AE3630} = {7C3C2194-4349-3088-9F94-44E552AE3630}
	EndProjectSection
EndProject
Project("{8BC9CEB8-8B4A-11D0-8D11-00A0C91BC942}") = "Assignment", "Assignment.vcxproj", "{57820828-30CE-3A09-AB99-5D8FB2560120}"
	ProjectSection(ProjectDependencies) = postProject
		{E6E1FE43-16B1-388E-931C-8F29651052AB} = {E6E1FE43-16B1-388E-931C-8F29651052AB}
		{AB09A922-E1E9-3A25-BFF4-D74FAA3CC27E} = {AB09A922-E1E9-3A25-BFF4-D74FAA3CC27E}
		{AF3D3201-638C-38B8-8144-A5E02E1F7F3D} = {AF3D3201-638C-38B8-8144-A5E02E1F7F3D}
		{7C3C2194-4349-3088-9F94-44E552AE3630} = {7C3C2194-4349-3088-9F94-44E552AE3630}
	EndProjectSection
EndProject
Project("{8BC9CEB8-8B4A-11D0-8D11-00A0C91BC942}") = "GPUCommon", "Common\GPUCommon.vcxproj", "{E6E1FE43-16B1-388E-931C-8F29651052AB}"
	ProjectSection(ProjectDependencies) = postProject
		{AB09A922-E1E9-3A25-BFF4-D74FAA3CC27E} = {AB09A922-E1E9-3A25-BFF4-D74FAA3CC27E}
	EndProjectSection
EndProject
Project("{8BC9CEB8-8B4A-11D0-8D11-00A0C91BC942}") = "INSTALL", "INSTALL.vcxproj", "{A9B31A0F-4990-3C7A-B7D7-1CB01F55AEE6}"
	ProjectSection(ProjectDependencies) = postProject
		{C6824997-0873-348C-8476-7F2A3DE8D3E2} = {C6824997-0873-348C-8476-7F2A3DE8D3E2}
		{AB09A922-E1E9-3A25-BFF4-D74FAA3CC27E} = {AB09A922-E1E9-3A25-BFF4-D74FAA3CC27E}
	EndProjectSection
EndProject
Project("{8BC9CEB8-8B4A-11D0-8D11-00A0C91BC942}") = "PACKAGE", "PACKAGE.vcxproj", "{37270D11-D559-3983-A058-7D0E526E7446}"
	ProjectSection(ProjectDependencies) = postProject
		{C6824997-0873-348C-8476-7F2A3DE8D3E2} = {C6824997-0873-348C-8476-7F2A3DE8D3E2}
		{AB09A922-E1E9-3A25-BFF4-D74FAA3CC27E} = {AB09A922-E1E9-3A25-BFF4-D74FAA3CC27E}
	EndProjectSection
EndProject
Project("{8BC9CEB8-8B4A-11D0-8D11-00A0C91BC942}") = "ZERO_CHECK", "ZERO_CHECK.vcxproj", "{AB09A922-E1E9-3A25-BFF4-D74FAA3CC27E}"
	ProjectSection(ProjectDependencies) = postProject
	EndProjectSection
EndProject
Project("{8BC9CEB8-8B4A-11D0-8D11-00A0C91BC942}") = "glew32", "glew\glew32.vcxproj", "{AF3D3201-638C-38B8-8144-A5E02E1F7F3D}"
	ProjectSection(ProjectDependencies) = postProject
		{AB09A922-E1E9-3A25-BFF4-D74FAA3CC27E} = {AB09A922-E1E9-3A25-BFF4-D74FAA3CC27E}
	EndProjectSection
EndProject
Project("{8BC9CEB8-8B4A-11D0-8D11-00A0C91BC942}") = "glew32mx", "glew\glew32mx.vcxproj", "{F57643A9-B49B-30CA-9A18-587228682C42}"
	ProjectSection(ProjectDependencies) = postProject
		{AB09A922-E1E9-3A25-BFF4-D74FAA3CC27E} = {AB09A922-E1E9-3A25-BFF4-D74FAA3CC27E}
	EndProjectSection
EndProject
Project("{8BC9CEB8-8B4A-11D0-8D11-00A0C91BC942}") = "glew32mxs", "glew\glew32mxs.vcxproj", "{4BE3DB72-810E-3E33-97CD-7B47F212B7AB}"
	ProjectSection(ProjectDependencies) = postProject
		{AB09A922-E1E9-3A25-BFF4-D74FAA3CC27E} = {AB09A922-E1E9-3A25-BFF4-D74FAA3CC27E}
	EndProjectSection
EndProject
Project("{8BC9CEB8-8B4A-11D0-8D11-00A0C91BC942}") = "glew32s", "glew\glew32s.vcxproj", "{2E16D61B-69ED-3A53-B4FD-81EB72F140B2}"
	ProjectSection(ProjectDependencies) = postProject
		{AB09A922-E1E9-3A25-BFF4-D74FAA3CC27E} = {AB09A922-E1E9-3A25-BFF4-D74FAA3CC27E}
	EndProjectSection
EndProject
Project("{8BC9CEB8-8B4A-11D0-8D11-00A0C91BC942}") = "glfw", "glfw\src\glfw.vcxproj", "{7C3C2194-4349-3088-9F94-44E552AE3630}"
	ProjectSection(ProjectDependencies) = postProject
		{AB09A922-E1E9-3A25-BFF4-D74FAA3CC27E} = {AB09A922-E1E9-3A25-BFF4-D74FAA3CC27E}
	EndProjectSection
EndProject
Global
	GlobalSection(SolutionConfigurationPlatforms) = preSolution
		Debug|Win32 = Debug|Win32
		Release|Win32 = Release|Win32
		MinSizeRel|Win32 = MinSizeRel|Win32
		RelWithDebInfo|Win32 = RelWithDebInfo|Win32
	EndGlobalSection
	GlobalSection(ProjectConfigurationPlatforms) = postSolution
		{C6824997-0873-348C-8476-7F2A3DE8D3E2}.Debug|Win32.ActiveCfg = Debug|Win32
		{C6824997-0873-348C-8476-7F2A3DE8D3E2}.Debug|Win32.Build.0 = Debug|Win32
		{C6824997-0873-348C-8476-7F2A3DE8D3E2}.Release|Win32.ActiveCfg = Release|Win32
		{C6824997-0873-348C-8476-7F2A3DE8D3E2}.Release|Win32.Build.0 = Release|Win32
		{C6824997-0873-348C-8476-7F2A3DE8D3E2}.MinSizeRel|Win32.ActiveCfg = MinSizeRel|Win32
		{C6824997-0873-348C-8476-7F2A3DE8D3E2}.MinSizeRel|Win32.Build.0 = MinSizeRel|Win32
		{C6824997-0873-348C-8476-7F2A3DE8D3E2}.RelWithDebInfo|Win32.ActiveCfg = RelWithDebInfo|Win32
		{C6824997-0873-348C-8476-7F2A3DE8D3E2}.RelWithDebInfo|Win32.Build.0 = RelWithDebInfo|Win32
		{57820828-30CE-3A09-AB99-5D8FB2560120}.Debug|Win32.ActiveCfg = Debug|Win32
		{57820828-30CE-3A09-AB99-5D8FB2560120}.Debug|Win32.Build.0 = Debug|Win32
		{57820828-30CE-3A09-AB99-5D8FB2560120}.Release|Win32.ActiveCfg = Release|Win32
		{57820828-30CE-3A09-AB99-5D8FB2560120}.Release|Win32.Build.0 = Release|Win32
		{57820828-30CE-3A09-AB99-5D8FB2560120}.MinSizeRel|Win32.ActiveCfg = MinSizeRel|Win32
		{57820828-30CE-3A09-AB99-5D8FB2560120}.MinSizeRel|Win32.Build.0 = MinSizeRel|Win32
		{57820828-30CE-3A09-AB99-5D8FB2560120}.RelWithDebInfo|Win32.ActiveCfg = RelWithDebInfo|Win32
		{57820828-30CE-3A09-AB99-5D8FB2560120}.RelWithDebInfo|Win32.Build.0 = RelWithDebInfo|Win32
		{E6E1FE43-16B1-388E-931C-8F29651052AB}.Debug|Win32.ActiveCfg = Debug|Win32
		{E6E1FE43-16B1-388E-931C-8F29651052AB}.Debug|Win32.Build.0 = Debug|Win32
		{E6E1FE43-16B1-388E-931C-8F29651052AB}.Release|Win32.ActiveCfg = Release|Win32
		{E6E1FE43-16B1-388E-931C-8F29651052AB}.Release|Win32.Build.0 = Release|Win32
		{E6E1FE43-16B1-388E-931C-8F29651052AB}.MinSizeRel|Win32.ActiveCfg = MinSizeRel|Win32
		{E6E1FE43-16B1-388E-931C-8F29651052AB}.MinSizeRel|Win32.Build.0 = MinSizeRel|Win32
		{E6E1FE43-16B1-388E-931C-8F29651052AB}.RelWithDebInfo|Win32.ActiveCfg = RelWithDebInfo|Win32
		{E6E1FE43-16B1-388E-931C-8F29651052AB}.RelWithDebInfo|Win32.Build.0 = RelWithDebInfo|Win32
		{A9B31A0F-4990-3C7A-B7D7-1CB01F55AEE6}.Debug|Win32.ActiveCfg = Debug|Win32
		{A9B31A0F-4990-3C7A-B7D7-1CB01F55AEE6}.Release|Win32.ActiveCfg = Release|Win32
		{A9B31A0F-4990-3C7A-B7D7-1CB01F55AEE6}.MinSizeRel|Win32.ActiveCfg = MinSizeRel|Win32
		{A9B31A0F-4990-3C7A-B7D7-1CB01F55AEE6}.RelWithDebInfo|Win32.ActiveCfg = RelWithDebInfo|Win32
		{37270D11-D559-3983-A058-7D0E526E7446}.Debug|Win32.ActiveCfg = Debug|Win32
		{37270D11-D559-3983-A058-7D0E526E7446}.Release|Win32.ActiveCfg = Release|Win32
		{37270D11-D559-3983-A058-7D0E526E7446}.MinSizeRel|Win32.ActiveCfg = MinSizeRel|Win32
		{37270D11-D559-3983-A058-7D0E526E7446}.RelWithDebInfo|Win32.ActiveCfg = RelWithDebInfo|Win32
		{AB09A922-E1E9-3A25-BFF4-D74FAA3CC27E}.Debug|Win32.ActiveCfg = Debug|Win32
		{AB09A922-E1E9-3A25-BFF4-D74FAA3CC27E}.Debug|Win32.Build.0 = Debug|Win32
		{AB09A922-E1E9-3A25-BFF4-D74FAA3CC27E}.Release|Win32.ActiveCfg = Release|Win32
		{AB09A922-E1E9-3A25-BFF4-D74FAA3CC27E}.Release|Win32.Build.0 = Release|Win32
		{AB09A922-E1E9-3A25-BFF4-D74FAA3CC27E}.MinSizeRel|Win32.ActiveCfg = MinSizeRel|Win32
		{AB09A922-E1E9-3A25-BFF4-D74FAA3CC27E}.MinSizeRel|Win32.Build.0 = MinSizeRel|Win32
		{AB09A922-E1E9-3A25-BFF4-D74FAA3CC27E}.RelWithDebInfo|Win32.ActiveCfg = RelWithDebInfo|Win32
		{AB09A922-E1E9-3A25-BFF4-D74FAA3CC27E}.RelWithDebInfo|Win32.Build.0 = RelWithDebInfo|Win32
		{AF3D3201-638C-38B8-8144-A5E02E1F7F3D}.Debug|Win32.ActiveCfg = Debug|Win32
		{AF3D3201-638C-38B8-8144-A5E02E1F7F3D}.Debug|Win32.Build.0 = Debug|Win32
		{AF3D3201-638C-38B8-8144-A5E02E1F7F3D}.Release|Win32.ActiveCfg = Release|Win32
		{AF3D3201-638C-38B8-8144-A5E02E1F7F3D}.Release|Win32.Build.0 = Release|Win32
		{AF3D3201-638C-38B8-8144-A5E02E1F7F3D}.MinSizeRel|Win32.ActiveCfg = MinSizeRel|Win32
		{AF3D3201-638C-38B8-8144-A5E02E1F7F3D}.MinSizeRel|Win32.Build.0 = MinSizeRel|Win32
		{AF3D3201-638C-38B8-8144-A5E02E1F7F3D}.RelWithDebInfo|Win32.ActiveCfg = RelWithDebInfo|Win32
		{AF3D3201-638C-38B8-8144-A5E02E1F7F3D}.RelWithDebInfo|Win32.Build.0 = RelWithDebInfo|Win32
		{F57643A9-B49B-30CA-9A18-587228682C42}.Debug|Win32.ActiveCfg = Debug|Win32
		{F57643A9-B49B-30CA-9A18-587228682C42}.Debug|Win32.Build.0 = Debug|Win32
		{F57643A9-B49B-30CA-9A18-587228682C42}.Release|Win32.ActiveCfg = Release|Win32
		{F57643A9-B49B-30CA-9A18-587228682C42}.Release|Win32.Build.0 = Release|Win32
		{F57643A9-B49B-30CA-9A18-587228682C42}.MinSizeRel|Win32.ActiveCfg = MinSizeRel|Win32
		{F57643A9-B49B-30CA-9A18-587228682C42}.MinSizeRel|Win32.Build.0 = MinSizeRel|Win32
		{F57643A9-B49B-30CA-9A18-587228682C42}.RelWithDebInfo|Win32.ActiveCfg = RelWithDebInfo|Win32
		{F57643A9-B49B-30CA-9A18-587228682C42}.RelWithDebInfo|Win32.Build.0 = RelWithDebInfo|Win32
		{4BE3DB72-810E-3E33-97CD-7B47F212B7AB}.Debug|Win32.ActiveCfg = Debug|Win32
		{4BE3DB72-810E-3E33-97CD-7B47F212B7AB}.Debug|Win32.Build.0 = Debug|Win32
		{4BE3DB72-810E-3E33-97CD-7B47F212B7AB}.Release|Win32.ActiveCfg = Release|Win32
		{4BE3DB72-810E-3E33-97CD-7B47F212B7AB}.Release|Win32.Build.0 = Release|Win32
		{4BE3DB72-810E-3E33-97CD-7B47F212B7AB}.MinSizeRel|Win32.ActiveCfg = MinSizeRel|Win32
		{4BE3DB72-810E-3E33-97CD-7B47F212B7AB}.MinSizeRel|Win32.Build.0 = MinSizeRel|Win32
		{4BE3DB72-810E-3E33-97CD-7B47F212B7AB}.RelWithDebInfo|Win32.ActiveCfg = RelWithDebInfo|Win32
		{4BE3DB72-810E-3E33-97CD-7B47F212B7AB}.RelWithDebInfo|Win32.Build.0 = RelWithDebInfo|Win32
		{2E16D61B-69ED-3A53-B4FD-81EB72F140B2}.Debug|Win32.ActiveCfg = Debug|Win32
		{2E16D61B-69ED-3A53-B4FD-81EB72F140B2}.Debug|Win32.Build.0 = Debug|Win32
		{2E16D61B-69ED-3A53-B4FD-81EB72F140B2}.Release|Win32.ActiveCfg = Release|Win32
		{2E16D61B-69ED-3A53-B4FD-81EB72F140B2}.Release|Win32.Build.0 = Release|Win32
		{2E16D61B-69ED-3A53-B4FD-81EB72F140B2}.MinSizeRel|Win32.ActiveCfg = MinSizeRel|Win32
		{2E16D61B-69ED-3A53-B4FD-81EB72F140B2}.MinSizeRel|Win32.Build.0 = MinSizeRel|Win32
		{2E16D61B-69ED-3A53-B4FD-81EB72F140B2}.RelWithDebInfo|Win32.ActiveCfg = RelWithDebInfo|Win32
		{2E16D61B-69ED-3A53-B4FD-81EB72F140B2}.RelWithDebInfo|Win32.Build.0 = RelWithDebInfo|Win32
		{7C3C2194-4349-3088-9F94-44E552AE3630}.Debug|Win32.ActiveCfg = Debug|Win32
		{7C3C2194-4349-3088-9F94-44E552AE3630}.Debug|Win32.Build.0 = Debug|Win32
		{7C3C2194-4349-3088-9F94-44E552AE3630}.Release|Win32.ActiveCfg = Release|Win32
		{7C3C2194-4349-3088-9F94-44E552AE3630}.Release|Win32.Build.0 = Release|Win32
		{7C3C2194-4349-3088-9F94-44E552AE3630}.MinSizeRel|Win32.ActiveCfg = MinSizeRel|Win32
		{7C3C2194-4349-3088-9F94-44E552AE3630}.MinSizeRel|Win32.Build.0 = MinSizeRel|Win32
		{7C3C2194-4349-3088-9F94-44E552AE3630}.RelWithDebInfo|Win32.ActiveCfg = RelWithDebInfo|Win32
		{7C3C2194-4349-3088-9F94-44E552AE3630}.RelWithDebInfo|Win32.Build.0 = RelWithDebInfo|Win32
	EndGlobalSection
	GlobalSection(ExtensibilityGlobals) = postSolution
		SolutionGuid = {0AD0B7F3-7F6C-3E03-9085-713B5B6DEE7D}
	EndGlobalSection
	GlobalSection(ExtensibilityAddIns) = postSolution
	EndGlobalSection
EndGlobal
