Microsoft Visual Studio Solution File, Format Version 12.00
# Visual Studio 14
Project("{8BC9CEB8-8B4A-11D0-8D11-00A0C91BC942}") = "ALL_BUILD", "ALL_BUILD.vcxproj", "{3ECC6A09-75D3-334F-91C1-70463DD8E955}"
	ProjectSection(ProjectDependencies) = postProject
		{7A1AB092-907D-3943-BAFD-763B019713EB} = {7A1AB092-907D-3943-BAFD-763B019713EB}
		{45F0D407-5400-3D1F-8B4F-5797A4C8FEC5} = {45F0D407-5400-3D1F-8B4F-5797A4C8FEC5}
		{F5951E76-D1DA-3757-95EE-B3BE3FBED03C} = {F5951E76-D1DA-3757-95EE-B3BE3FBED03C}
	EndProjectSection
EndProject
Project("{8BC9CEB8-8B4A-11D0-8D11-00A0C91BC942}") = "Assignment", "Assignment.vcxproj", "{7A1AB092-907D-3943-BAFD-763B019713EB}"
	ProjectSection(ProjectDependencies) = postProject
		{45F0D407-5400-3D1F-8B4F-5797A4C8FEC5} = {45F0D407-5400-3D1F-8B4F-5797A4C8FEC5}
		{F5951E76-D1DA-3757-95EE-B3BE3FBED03C} = {F5951E76-D1DA-3757-95EE-B3BE3FBED03C}
	EndProjectSection
EndProject
Project("{8BC9CEB8-8B4A-11D0-8D11-00A0C91BC942}") = "GPUCommon", "Common\GPUCommon.vcxproj", "{45F0D407-5400-3D1F-8B4F-5797A4C8FEC5}"
	ProjectSection(ProjectDependencies) = postProject
		{F5951E76-D1DA-3757-95EE-B3BE3FBED03C} = {F5951E76-D1DA-3757-95EE-B3BE3FBED03C}
	EndProjectSection
EndProject
Project("{8BC9CEB8-8B4A-11D0-8D11-00A0C91BC942}") = "ZERO_CHECK", "ZERO_CHECK.vcxproj", "{F5951E76-D1DA-3757-95EE-B3BE3FBED03C}"
	ProjectSection(ProjectDependencies) = postProject
	EndProjectSection
EndProject
Global
	GlobalSection(SolutionConfigurationPlatforms) = preSolution
		Debug|Win32 = Debug|Win32
		Release|Win32 = Release|Win32
		MinSizeRel|Win32 = MinSizeRel|Win32
		RelWithDebInfo|Win32 = RelWithDebInfo|Win32
	EndGlobalSection
	GlobalSection(ProjectConfigurationPlatforms) = postSolution
		{3ECC6A09-75D3-334F-91C1-70463DD8E955}.Debug|Win32.ActiveCfg = Debug|Win32
		{3ECC6A09-75D3-334F-91C1-70463DD8E955}.Release|Win32.ActiveCfg = Release|Win32
		{3ECC6A09-75D3-334F-91C1-70463DD8E955}.MinSizeRel|Win32.ActiveCfg = MinSizeRel|Win32
		{3ECC6A09-75D3-334F-91C1-70463DD8E955}.RelWithDebInfo|Win32.ActiveCfg = RelWithDebInfo|Win32
		{7A1AB092-907D-3943-BAFD-763B019713EB}.Debug|Win32.ActiveCfg = Debug|Win32
		{7A1AB092-907D-3943-BAFD-763B019713EB}.Debug|Win32.Build.0 = Debug|Win32
		{7A1AB092-907D-3943-BAFD-763B019713EB}.Release|Win32.ActiveCfg = Release|Win32
		{7A1AB092-907D-3943-BAFD-763B019713EB}.Release|Win32.Build.0 = Release|Win32
		{7A1AB092-907D-3943-BAFD-763B019713EB}.MinSizeRel|Win32.ActiveCfg = MinSizeRel|Win32
		{7A1AB092-907D-3943-BAFD-763B019713EB}.MinSizeRel|Win32.Build.0 = MinSizeRel|Win32
		{7A1AB092-907D-3943-BAFD-763B019713EB}.RelWithDebInfo|Win32.ActiveCfg = RelWithDebInfo|Win32
		{7A1AB092-907D-3943-BAFD-763B019713EB}.RelWithDebInfo|Win32.Build.0 = RelWithDebInfo|Win32
		{45F0D407-5400-3D1F-8B4F-5797A4C8FEC5}.Debug|Win32.ActiveCfg = Debug|Win32
		{45F0D407-5400-3D1F-8B4F-5797A4C8FEC5}.Debug|Win32.Build.0 = Debug|Win32
		{45F0D407-5400-3D1F-8B4F-5797A4C8FEC5}.Release|Win32.ActiveCfg = Release|Win32
		{45F0D407-5400-3D1F-8B4F-5797A4C8FEC5}.Release|Win32.Build.0 = Release|Win32
		{45F0D407-5400-3D1F-8B4F-5797A4C8FEC5}.MinSizeRel|Win32.ActiveCfg = MinSizeRel|Win32
		{45F0D407-5400-3D1F-8B4F-5797A4C8FEC5}.MinSizeRel|Win32.Build.0 = MinSizeRel|Win32
		{45F0D407-5400-3D1F-8B4F-5797A4C8FEC5}.RelWithDebInfo|Win32.ActiveCfg = RelWithDebInfo|Win32
		{45F0D407-5400-3D1F-8B4F-5797A4C8FEC5}.RelWithDebInfo|Win32.Build.0 = RelWithDebInfo|Win32
		{F5951E76-D1DA-3757-95EE-B3BE3FBED03C}.Debug|Win32.ActiveCfg = Debug|Win32
		{F5951E76-D1DA-3757-95EE-B3BE3FBED03C}.Debug|Win32.Build.0 = Debug|Win32
		{F5951E76-D1DA-3757-95EE-B3BE3FBED03C}.Release|Win32.ActiveCfg = Release|Win32
		{F5951E76-D1DA-3757-95EE-B3BE3FBED03C}.Release|Win32.Build.0 = Release|Win32
		{F5951E76-D1DA-3757-95EE-B3BE3FBED03C}.MinSizeRel|Win32.ActiveCfg = MinSizeRel|Win32
		{F5951E76-D1DA-3757-95EE-B3BE3FBED03C}.MinSizeRel|Win32.Build.0 = MinSizeRel|Win32
		{F5951E76-D1DA-3757-95EE-B3BE3FBED03C}.RelWithDebInfo|Win32.ActiveCfg = RelWithDebInfo|Win32
		{F5951E76-D1DA-3757-95EE-B3BE3FBED03C}.RelWithDebInfo|Win32.Build.0 = RelWithDebInfo|Win32
	EndGlobalSection
	GlobalSection(ExtensibilityGlobals) = postSolution
		SolutionGuid = {6D8D013A-E598-325B-AE6C-0AD7B6D2258E}
	EndGlobalSection
	GlobalSection(ExtensibilityAddIns) = postSolution
	EndGlobalSection
EndGlobal
