Microsoft Visual Studio Solution File, Format Version 12.00
# Visual Studio 14
Project("{8BC9CEB8-8B4A-11D0-8D11-00A0C91BC942}") = "ALL_BUILD", "ALL_BUILD.vcxproj", "{C6824997-0873-348C-8476-7F2A3DE8D3E2}"
	ProjectSection(ProjectDependencies) = postProject
		{AB09A922-E1E9-3A25-BFF4-D74FAA3CC27E} = {AB09A922-E1E9-3A25-BFF4-D74FAA3CC27E}
		{7C3C2194-4349-3088-9F94-44E552AE3630} = {7C3C2194-4349-3088-9F94-44E552AE3630}
	EndProjectSection
EndProject
Project("{8BC9CEB8-8B4A-11D0-8D11-00A0C91BC942}") = "INSTALL", "INSTALL.vcxproj", "{A9B31A0F-4990-3C7A-B7D7-1CB01F55AEE6}"
	ProjectSection(ProjectDependencies) = postProject
		{C6824997-0873-348C-8476-7F2A3DE8D3E2} = {C6824997-0873-348C-8476-7F2A3DE8D3E2}
		{AB09A922-E1E9-3A25-BFF4-D74FAA3CC27E} = {AB09A922-E1E9-3A25-BFF4-D74FAA3CC27E}
	EndProjectSection
EndProject
Project("{8BC9CEB8-8B4A-11D0-8D11-00A0C91BC942}") = "PACKAGE", "PACKAGE.vcxproj", "{37270D11-D559-3983-A058-7D0E526E7446}"
	ProjectSection(ProjectDependencies) = postProject
		{C6824997-0873-348C-8476-7F2A3DE8D3E2} = {C6824997-0873-348C-8476-7F2A3DE8D3E2}
		{AB09A922-E1E9-3A25-BFF4-D74FAA3CC27E} = {AB09A922-E1E9-3A25-BFF4-D74FAA3CC27E}
	EndProjectSection
EndProject
Project("{8BC9CEB8-8B4A-11D0-8D11-00A0C91BC942}") = "ZERO_CHECK", "..\\ZERO_CHECK.vcxproj", "{AB09A922-E1E9-3A25-BFF4-D74FAA3CC27E}"
	ProjectSection(ProjectDependencies) = postProject
	EndProjectSection
EndProject
Project("{8BC9CEB8-8B4A-11D0-8D11-00A0C91BC942}") = "glfw", "src\glfw.vcxproj", "{7C3C2194-4349-3088-9F94-44E552AE3630}"
	ProjectSection(ProjectDependencies) = postProject
		{AB09A922-E1E9-3A25-BFF4-D74FAA3CC27E} = {AB09A922-E1E9-3A25-BFF4-D74FAA3CC27E}
	EndProjectSection
EndProject
Global
	GlobalSection(SolutionConfigurationPlatforms) = preSolution
		Debug|Win32 = Debug|Win32
		Release|Win32 = Release|Win32
		MinSizeRel|Win32 = MinSizeRel|Win32
		RelWithDebInfo|Win32 = RelWithDebInfo|Win32
	EndGlobalSection
	GlobalSection(ProjectConfigurationPlatforms) = postSolution
		{C6824997-0873-348C-8476-7F2A3DE8D3E2}.Debug|Win32.ActiveCfg = Debug|Win32
		{C6824997-0873-348C-8476-7F2A3DE8D3E2}.Debug|Win32.Build.0 = Debug|Win32
		{C6824997-0873-348C-8476-7F2A3DE8D3E2}.Release|Win32.ActiveCfg = Release|Win32
		{C6824997-0873-348C-8476-7F2A3DE8D3E2}.Release|Win32.Build.0 = Release|Win32
		{C6824997-0873-348C-8476-7F2A3DE8D3E2}.MinSizeRel|Win32.ActiveCfg = MinSizeRel|Win32
		{C6824997-0873-348C-8476-7F2A3DE8D3E2}.MinSizeRel|Win32.Build.0 = MinSizeRel|Win32
		{C6824997-0873-348C-8476-7F2A3DE8D3E2}.RelWithDebInfo|Win32.ActiveCfg = RelWithDebInfo|Win32
		{C6824997-0873-348C-8476-7F2A3DE8D3E2}.RelWithDebInfo|Win32.Build.0 = RelWithDebInfo|Win32
		{A9B31A0F-4990-3C7A-B7D7-1CB01F55AEE6}.Debug|Win32.ActiveCfg = Debug|Win32
		{A9B31A0F-4990-3C7A-B7D7-1CB01F55AEE6}.Release|Win32.ActiveCfg = Release|Win32
		{A9B31A0F-4990-3C7A-B7D7-1CB01F55AEE6}.MinSizeRel|Win32.ActiveCfg = MinSizeRel|Win32
		{A9B31A0F-4990-3C7A-B7D7-1CB01F55AEE6}.RelWithDebInfo|Win32.ActiveCfg = RelWithDebInfo|Win32
		{37270D11-D559-3983-A058-7D0E526E7446}.Debug|Win32.ActiveCfg = Debug|Win32
		{37270D11-D559-3983-A058-7D0E526E7446}.Release|Win32.ActiveCfg = Release|Win32
		{37270D11-D559-3983-A058-7D0E526E7446}.MinSizeRel|Win32.ActiveCfg = MinSizeRel|Win32
		{37270D11-D559-3983-A058-7D0E526E7446}.RelWithDebInfo|Win32.ActiveCfg = RelWithDebInfo|Win32
		{AB09A922-E1E9-3A25-BFF4-D74FAA3CC27E}.Debug|Win32.ActiveCfg = Debug|Win32
		{AB09A922-E1E9-3A25-BFF4-D74FAA3CC27E}.Debug|Win32.Build.0 = Debug|Win32
		{AB09A922-E1E9-3A25-BFF4-D74FAA3CC27E}.Release|Win32.ActiveCfg = Release|Win32
		{AB09A922-E1E9-3A25-BFF4-D74FAA3CC27E}.Release|Win32.Build.0 = Release|Win32
		{AB09A922-E1E9-3A25-BFF4-D74FAA3CC27E}.MinSizeRel|Win32.ActiveCfg = MinSizeRel|Win32
		{AB09A922-E1E9-3A25-BFF4-D74FAA3CC27E}.MinSizeRel|Win32.Build.0 = MinSizeRel|Win32
		{AB09A922-E1E9-3A25-BFF4-D74FAA3CC27E}.RelWithDebInfo|Win32.ActiveCfg = RelWithDebInfo|Win32
		{AB09A922-E1E9-3A25-BFF4-D74FAA3CC27E}.RelWithDebInfo|Win32.Build.0 = RelWithDebInfo|Win32
		{7C3C2194-4349-3088-9F94-44E552AE3630}.Debug|Win32.ActiveCfg = Debug|Win32
		{7C3C2194-4349-3088-9F94-44E552AE3630}.Debug|Win32.Build.0 = Debug|Win32
		{7C3C2194-4349-3088-9F94-44E552AE3630}.Release|Win32.ActiveCfg = Release|Win32
		{7C3C2194-4349-3088-9F94-44E552AE3630}.Release|Win32.Build.0 = Release|Win32
		{7C3C2194-4349-3088-9F94-44E552AE3630}.MinSizeRel|Win32.ActiveCfg = MinSizeRel|Win32
		{7C3C2194-4349-3088-9F94-44E552AE3630}.MinSizeRel|Win32.Build.0 = MinSizeRel|Win32
		{7C3C2194-4349-3088-9F94-44E552AE3630}.RelWithDebInfo|Win32.ActiveCfg = RelWithDebInfo|Win32
		{7C3C2194-4349-3088-9F94-44E552AE3630}.RelWithDebInfo|Win32.Build.0 = RelWithDebInfo|Win32
	EndGlobalSection
	GlobalSection(ExtensibilityGlobals) = postSolution
		SolutionGuid = {84167F4E-4E4E-3A08-B65B-BC99AB0013E2}
	EndGlobalSection
	GlobalSection(ExtensibilityAddIns) = postSolution
	EndGlobalSection
EndGlobal
