<?xml version="1.0" encoding="UTF-8"?>
<Project ToolsVersion="14.0" xmlns="http://schemas.microsoft.com/developer/msbuild/2003">
  <ItemGroup>
    <ClCompile Include="C:\Users\Iris\Desktop\ws17-18\XUE-HU-Assignment1-1985735\Common\CAssignmentBase.cpp">
      <Filter>Source Files</Filter>
    </ClCompile>
    <ClCompile Include="C:\Users\Iris\Desktop\ws17-18\XUE-HU-Assignment1-1985735\Common\CLUtil.cpp">
      <Filter>Source Files</Filter>
    </ClCompile>
    <ClCompile Include="C:\Users\Iris\Desktop\ws17-18\XUE-HU-Assignment1-1985735\Common\CTimer.cpp">
      <Filter>Source Files</Filter>
    </ClCompile>
  </ItemGroup>
  <ItemGroup>
    <ClInclude Include="C:\Users\Iris\Desktop\ws17-18\XUE-HU-Assignment1-1985735\Common\CAssignmentBase.h">
      <Filter>Header Files</Filter>
    </ClInclude>
    <ClInclude Include="C:\Users\Iris\Desktop\ws17-18\XUE-HU-Assignment1-1985735\Common\CLUtil.h">
      <Filter>Header Files</Filter>
    </ClInclude>
    <ClInclude Include="C:\Users\Iris\Desktop\ws17-18\XUE-HU-Assignment1-1985735\Common\CTimer.h">
      <Filter>Header Files</Filter>
    </ClInclude>
    <ClInclude Include="C:\Users\Iris\Desktop\ws17-18\XUE-HU-Assignment1-1985735\Common\CommonDefs.h">
      <Filter>Header Files</Filter>
    </ClInclude>
    <ClInclude Include="C:\Users\Iris\Desktop\ws17-18\XUE-HU-Assignment1-1985735\Common\IComputeTask.h">
      <Filter>Header Files</Filter>
    </ClInclude>
    <ClInclude Include="C:\Users\Iris\Desktop\ws17-18\XUE-HU-Assignment1-1985735\Common\IGUIEnabledComputeTask.h">
      <Filter>Header Files</Filter>
    </ClInclude>
  </ItemGroup>
  <ItemGroup>
    <CustomBuild Include="C:\Users\Iris\Desktop\ws17-18\XUE-HU-Assignment1-1985735\Common\CMakeLists.txt" />
  </ItemGroup>
  <ItemGroup>
    <Filter Include="Source Files">
      <UniqueIdentifier>{E1077049-4042-34BE-A73B-471BDAD4710F}</UniqueIdentifier>
    </Filter>
    <Filter Include="Header Files">
      <UniqueIdentifier>{4F03108D-0521-35A3-B969-F67BB7FDC27B}</UniqueIdentifier>
    </Filter>
  </ItemGroup>
</Project>
