<?xml version="1.0" encoding="UTF-8"?>
<Project ToolsVersion="14.0" xmlns="http://schemas.microsoft.com/developer/msbuild/2003">
  <ItemGroup>
    <ClCompile Include="C:\Users\Iris\Desktop\ws17-18\GPGPU\Common\CAssignmentBase.cpp">
      <Filter>Source Files</Filter>
    </ClCompile>
    <ClCompile Include="C:\Users\Iris\Desktop\ws17-18\GPGPU\Common\CLUtil.cpp">
      <Filter>Source Files</Filter>
    </ClCompile>
    <ClCompile Include="C:\Users\Iris\Desktop\ws17-18\GPGPU\Common\CTimer.cpp">
      <Filter>Source Files</Filter>
    </ClCompile>
  </ItemGroup>
  <ItemGroup>
    <ClInclude Include="C:\Users\Iris\Desktop\ws17-18\GPGPU\Common\CAssignmentBase.h">
      <Filter>Header Files</Filter>
    </ClInclude>
    <ClInclude Include="C:\Users\Iris\Desktop\ws17-18\GPGPU\Common\CLUtil.h">
      <Filter>Header Files</Filter>
    </ClInclude>
    <ClInclude Include="C:\Users\Iris\Desktop\ws17-18\GPGPU\Common\CTimer.h">
      <Filter>Header Files</Filter>
    </ClInclude>
    <ClInclude Include="C:\Users\Iris\Desktop\ws17-18\GPGPU\Common\CommonDefs.h">
      <Filter>Header Files</Filter>
    </ClInclude>
    <ClInclude Include="C:\Users\Iris\Desktop\ws17-18\GPGPU\Common\IComputeTask.h">
      <Filter>Header Files</Filter>
    </ClInclude>
    <ClInclude Include="C:\Users\Iris\Desktop\ws17-18\GPGPU\Common\IGUIEnabledComputeTask.h">
      <Filter>Header Files</Filter>
    </ClInclude>
  </ItemGroup>
  <ItemGroup>
    <CustomBuild Include="C:\Users\Iris\Desktop\ws17-18\GPGPU\Common\CMakeLists.txt" />
  </ItemGroup>
  <ItemGroup>
    <Filter Include="Source Files">
      <UniqueIdentifier>{31EDEF84-4F65-31A4-90DA-76426C3BB150}</UniqueIdentifier>
    </Filter>
    <Filter Include="Header Files">
      <UniqueIdentifier>{1A4EAE7E-5551-3732-8E30-FB6F556DA001}</UniqueIdentifier>
    </Filter>
  </ItemGroup>
</Project>
