Microsoft Visual Studio Solution File, Format Version 12.00
# Visual Studio 14
Project("{8BC9CEB8-8B4A-11D0-8D11-00A0C91BC942}") = "ALL_BUILD", "ALL_BUILD.vcxproj", "{6C3315B9-4809-3F6F-B48E-A30E14BD72B8}"
	ProjectSection(ProjectDependencies) = postProject
		{346A95A3-EBA5-310E-BB5B-74F78E215F2A} = {346A95A3-EBA5-310E-BB5B-74F78E215F2A}
		{E59B174C-ECE5-3A36-9103-1A04D573477F} = {E59B174C-ECE5-3A36-9103-1A04D573477F}
		{83777940-0A54-3585-BDB8-528DF055097D} = {83777940-0A54-3585-BDB8-528DF055097D}
	EndProjectSection
EndProject
Project("{8BC9CEB8-8B4A-11D0-8D11-00A0C91BC942}") = "Assignment", "Assignment.vcxproj", "{346A95A3-EBA5-310E-BB5B-74F78E215F2A}"
	ProjectSection(ProjectDependencies) = postProject
		{E59B174C-ECE5-3A36-9103-1A04D573477F} = {E59B174C-ECE5-3A36-9103-1A04D573477F}
		{83777940-0A54-3585-BDB8-528DF055097D} = {83777940-0A54-3585-BDB8-528DF055097D}
	EndProjectSection
EndProject
Project("{8BC9CEB8-8B4A-11D0-8D11-00A0C91BC942}") = "GPUCommon", "Common\GPUCommon.vcxproj", "{E59B174C-ECE5-3A36-9103-1A04D573477F}"
	ProjectSection(ProjectDependencies) = postProject
		{83777940-0A54-3585-BDB8-528DF055097D} = {83777940-0A54-3585-BDB8-528DF055097D}
	EndProjectSection
EndProject
Project("{8BC9CEB8-8B4A-11D0-8D11-00A0C91BC942}") = "ZERO_CHECK", "ZERO_CHECK.vcxproj", "{83777940-0A54-3585-BDB8-528DF055097D}"
	ProjectSection(ProjectDependencies) = postProject
	EndProjectSection
EndProject
Global
	GlobalSection(SolutionConfigurationPlatforms) = preSolution
		Debug|Win32 = Debug|Win32
		Release|Win32 = Release|Win32
		MinSizeRel|Win32 = MinSizeRel|Win32
		RelWithDebInfo|Win32 = RelWithDebInfo|Win32
	EndGlobalSection
	GlobalSection(ProjectConfigurationPlatforms) = postSolution
		{6C3315B9-4809-3F6F-B48E-A30E14BD72B8}.Debug|Win32.ActiveCfg = Debug|Win32
		{6C3315B9-4809-3F6F-B48E-A30E14BD72B8}.Release|Win32.ActiveCfg = Release|Win32
		{6C3315B9-4809-3F6F-B48E-A30E14BD72B8}.MinSizeRel|Win32.ActiveCfg = MinSizeRel|Win32
		{6C3315B9-4809-3F6F-B48E-A30E14BD72B8}.RelWithDebInfo|Win32.ActiveCfg = RelWithDebInfo|Win32
		{346A95A3-EBA5-310E-BB5B-74F78E215F2A}.Debug|Win32.ActiveCfg = Debug|Win32
		{346A95A3-EBA5-310E-BB5B-74F78E215F2A}.Debug|Win32.Build.0 = Debug|Win32
		{346A95A3-EBA5-310E-BB5B-74F78E215F2A}.Release|Win32.ActiveCfg = Release|Win32
		{346A95A3-EBA5-310E-BB5B-74F78E215F2A}.Release|Win32.Build.0 = Release|Win32
		{346A95A3-EBA5-310E-BB5B-74F78E215F2A}.MinSizeRel|Win32.ActiveCfg = MinSizeRel|Win32
		{346A95A3-EBA5-310E-BB5B-74F78E215F2A}.MinSizeRel|Win32.Build.0 = MinSizeRel|Win32
		{346A95A3-EBA5-310E-BB5B-74F78E215F2A}.RelWithDebInfo|Win32.ActiveCfg = RelWithDebInfo|Win32
		{346A95A3-EBA5-310E-BB5B-74F78E215F2A}.RelWithDebInfo|Win32.Build.0 = RelWithDebInfo|Win32
		{E59B174C-ECE5-3A36-9103-1A04D573477F}.Debug|Win32.ActiveCfg = Debug|Win32
		{E59B174C-ECE5-3A36-9103-1A04D573477F}.Debug|Win32.Build.0 = Debug|Win32
		{E59B174C-ECE5-3A36-9103-1A04D573477F}.Release|Win32.ActiveCfg = Release|Win32
		{E59B174C-ECE5-3A36-9103-1A04D573477F}.Release|Win32.Build.0 = Release|Win32
		{E59B174C-ECE5-3A36-9103-1A04D573477F}.MinSizeRel|Win32.ActiveCfg = MinSizeRel|Win32
		{E59B174C-ECE5-3A36-9103-1A04D573477F}.MinSizeRel|Win32.Build.0 = MinSizeRel|Win32
		{E59B174C-ECE5-3A36-9103-1A04D573477F}.RelWithDebInfo|Win32.ActiveCfg = RelWithDebInfo|Win32
		{E59B174C-ECE5-3A36-9103-1A04D573477F}.RelWithDebInfo|Win32.Build.0 = RelWithDebInfo|Win32
		{83777940-0A54-3585-BDB8-528DF055097D}.Debug|Win32.ActiveCfg = Debug|Win32
		{83777940-0A54-3585-BDB8-528DF055097D}.Debug|Win32.Build.0 = Debug|Win32
		{83777940-0A54-3585-BDB8-528DF055097D}.Release|Win32.ActiveCfg = Release|Win32
		{83777940-0A54-3585-BDB8-528DF055097D}.Release|Win32.Build.0 = Release|Win32
		{83777940-0A54-3585-BDB8-528DF055097D}.MinSizeRel|Win32.ActiveCfg = MinSizeRel|Win32
		{83777940-0A54-3585-BDB8-528DF055097D}.MinSizeRel|Win32.Build.0 = MinSizeRel|Win32
		{83777940-0A54-3585-BDB8-528DF055097D}.RelWithDebInfo|Win32.ActiveCfg = RelWithDebInfo|Win32
		{83777940-0A54-3585-BDB8-528DF055097D}.RelWithDebInfo|Win32.Build.0 = RelWithDebInfo|Win32
	EndGlobalSection
	GlobalSection(ExtensibilityGlobals) = postSolution
		SolutionGuid = {C7950B61-48D6-335F-AC2D-30ED8BAF386A}
	EndGlobalSection
	GlobalSection(ExtensibilityAddIns) = postSolution
	EndGlobalSection
EndGlobal
