<?xml version="1.0" encoding="UTF-8"?>
<Project ToolsVersion="14.0" xmlns="http://schemas.microsoft.com/developer/msbuild/2003">
  <ItemGroup>
    <CustomBuild Include="C:\Users\Iris\Desktop\ws17-18\GPGPU\Assignment3.build\CMakeFiles\b24c25a1b7dbb68673771fb538a6abd8\generate.stamp.rule">
      <Filter>CMake Rules</Filter>
    </CustomBuild>
  </ItemGroup>
  <ItemGroup>
    <Filter Include="CMake Rules">
      <UniqueIdentifier>{DF5BA4E4-70FF-318C-A965-51ACD61E1FE4}</UniqueIdentifier>
    </Filter>
  </ItemGroup>
</Project>
