<?xml version="1.0" encoding="UTF-8"?>
<Project ToolsVersion="14.0" xmlns="http://schemas.microsoft.com/developer/msbuild/2003">
  <ItemGroup>
    <CustomBuild Include="C:\Users\Iris\Desktop\ws17-18\GPGPU\Assignment2.build\CMakeFiles\b59ac59bc49e3798c0340fac17a46e31\generate.stamp.rule">
      <Filter>CMake Rules</Filter>
    </CustomBuild>
  </ItemGroup>
  <ItemGroup>
    <Filter Include="CMake Rules">
      <UniqueIdentifier>{136A8860-7A6F-3CA0-87F3-91C5C3918FC6}</UniqueIdentifier>
    </Filter>
  </ItemGroup>
</Project>
